// !$*UTF8*$!
{
	archiveVersion = 1;
	classes = {
	};
	objectVersion = 56;
	objects = {

/* Begin PBXBuildFile section */
		02123B9E2943DB0900B093AD /* CategoriasViewController.swift in Sources */ = {isa = PBXBuildFile; fileRef = 02123B9D2943DB0900B093AD /* CategoriasViewController.swift */; };
		02123BA02943DC9300B093AD /* Categoria.swift in Sources */ = {isa = PBXBuildFile; fileRef = 02123B9F2943DC9300B093AD /* Categoria.swift */; };
		02123BA22943DCA400B093AD /* Tipo.swift in Sources */ = {isa = PBXBuildFile; fileRef = 02123BA12943DCA400B093AD /* Tipo.swift */; };
		02123BA42943E40200B093AD /* CategoriaTableViewCell.swift in Sources */ = {isa = PBXBuildFile; fileRef = 02123BA32943E40200B093AD /* CategoriaTableViewCell.swift */; };
		02123BF82947D35900B093AD /* DetalleCategoriaViewController.swift in Sources */ = {isa = PBXBuildFile; fileRef = 02123BF72947D35900B093AD /* DetalleCategoriaViewController.swift */; };
		021BA9C1292F987F00EF9FA3 /* AppDelegate.swift in Sources */ = {isa = PBXBuildFile; fileRef = 021BA9C0292F987F00EF9FA3 /* AppDelegate.swift */; };
		021BA9C3292F987F00EF9FA3 /* SceneDelegate.swift in Sources */ = {isa = PBXBuildFile; fileRef = 021BA9C2292F987F00EF9FA3 /* SceneDelegate.swift */; };
		021BA9C8292F987F00EF9FA3 /* Main.storyboard in Resources */ = {isa = PBXBuildFile; fileRef = 021BA9C6292F987F00EF9FA3 /* Main.storyboard */; };
		021BA9CA292F988300EF9FA3 /* Assets.xcassets in Resources */ = {isa = PBXBuildFile; fileRef = 021BA9C9292F988300EF9FA3 /* Assets.xcassets */; };
		021BA9CD292F988300EF9FA3 /* LaunchScreen.storyboard in Resources */ = {isa = PBXBuildFile; fileRef = 021BA9CB292F988300EF9FA3 /* LaunchScreen.storyboard */; };
		023AA06D294A2FC500FF03E3 /* ListaPresupuestosViewController.swift in Sources */ = {isa = PBXBuildFile; fileRef = 023AA06C294A2FC500FF03E3 /* ListaPresupuestosViewController.swift */; };
		025AFBBC2948AC250065304E /* AgregarCategoriaViewController.swift in Sources */ = {isa = PBXBuildFile; fileRef = 025AFBBB2948AC240065304E /* AgregarCategoriaViewController.swift */; };
		A5A82F49293E7C6E0015B460 /* TransactionDetailsViewController.swift in Sources */ = {isa = PBXBuildFile; fileRef = A5A82F48293E7C6E0015B460 /* TransactionDetailsViewController.swift */; };
		A5A82F4B293E90820015B460 /* AddTransactionViewController.swift in Sources */ = {isa = PBXBuildFile; fileRef = A5A82F4A293E90820015B460 /* AddTransactionViewController.swift */; };
		A5ADEA5D293CFCB40026E583 /* Transaction.swift in Sources */ = {isa = PBXBuildFile; fileRef = A5ADEA5C293CFCB40026E583 /* Transaction.swift */; };
		A5ADEA5F293D00110026E583 /* HomeViewController.swift in Sources */ = {isa = PBXBuildFile; fileRef = A5ADEA5E293D00110026E583 /* HomeViewController.swift */; };
		A5ADEA63293D46E50026E583 /* TransactionTableViewCell.swift in Sources */ = {isa = PBXBuildFile; fileRef = A5ADEA62293D46E50026E583 /* TransactionTableViewCell.swift */; };
/* End PBXBuildFile section */

/* Begin PBXFileReference section */
		02123B9D2943DB0900B093AD /* CategoriasViewController.swift */ = {isa = PBXFileReference; lastKnownFileType = sourcecode.swift; path = CategoriasViewController.swift; sourceTree = "<group>"; };
		02123B9F2943DC9300B093AD /* Categoria.swift */ = {isa = PBXFileReference; lastKnownFileType = sourcecode.swift; path = Categoria.swift; sourceTree = "<group>"; };
		02123BA12943DCA400B093AD /* Tipo.swift */ = {isa = PBXFileReference; lastKnownFileType = sourcecode.swift; path = Tipo.swift; sourceTree = "<group>"; };
		02123BA32943E40200B093AD /* CategoriaTableViewCell.swift */ = {isa = PBXFileReference; lastKnownFileType = sourcecode.swift; path = CategoriaTableViewCell.swift; sourceTree = "<group>"; };
		02123BF72947D35900B093AD /* DetalleCategoriaViewController.swift */ = {isa = PBXFileReference; lastKnownFileType = sourcecode.swift; path = DetalleCategoriaViewController.swift; sourceTree = "<group>"; };
		021BA9BD292F987F00EF9FA3 /* my-expenses.app */ = {isa = PBXFileReference; explicitFileType = wrapper.application; includeInIndex = 0; path = "my-expenses.app"; sourceTree = BUILT_PRODUCTS_DIR; };
		021BA9C0292F987F00EF9FA3 /* AppDelegate.swift */ = {isa = PBXFileReference; lastKnownFileType = sourcecode.swift; path = AppDelegate.swift; sourceTree = "<group>"; };
		021BA9C2292F987F00EF9FA3 /* SceneDelegate.swift */ = {isa = PBXFileReference; lastKnownFileType = sourcecode.swift; path = SceneDelegate.swift; sourceTree = "<group>"; };
		021BA9C7292F987F00EF9FA3 /* Base */ = {isa = PBXFileReference; lastKnownFileType = file.storyboard; name = Base; path = Base.lproj/Main.storyboard; sourceTree = "<group>"; };
		021BA9C9292F988300EF9FA3 /* Assets.xcassets */ = {isa = PBXFileReference; lastKnownFileType = folder.assetcatalog; path = Assets.xcassets; sourceTree = "<group>"; };
		021BA9CC292F988300EF9FA3 /* Base */ = {isa = PBXFileReference; lastKnownFileType = file.storyboard; name = Base; path = Base.lproj/LaunchScreen.storyboard; sourceTree = "<group>"; };
		021BA9CE292F988300EF9FA3 /* Info.plist */ = {isa = PBXFileReference; lastKnownFileType = text.plist.xml; path = Info.plist; sourceTree = "<group>"; };
		023AA06C294A2FC500FF03E3 /* ListaPresupuestosViewController.swift */ = {isa = PBXFileReference; lastKnownFileType = sourcecode.swift; path = ListaPresupuestosViewController.swift; sourceTree = "<group>"; };
		025AFBBB2948AC240065304E /* AgregarCategoriaViewController.swift */ = {isa = PBXFileReference; lastKnownFileType = sourcecode.swift; path = AgregarCategoriaViewController.swift; sourceTree = "<group>"; };
		A5A82F48293E7C6E0015B460 /* TransactionDetailsViewController.swift */ = {isa = PBXFileReference; lastKnownFileType = sourcecode.swift; path = TransactionDetailsViewController.swift; sourceTree = "<group>"; };
		A5A82F4A293E90820015B460 /* AddTransactionViewController.swift */ = {isa = PBXFileReference; lastKnownFileType = sourcecode.swift; path = AddTransactionViewController.swift; sourceTree = "<group>"; };
		A5ADEA5C293CFCB40026E583 /* Transaction.swift */ = {isa = PBXFileReference; lastKnownFileType = sourcecode.swift; path = Transaction.swift; sourceTree = "<group>"; };
		A5ADEA5E293D00110026E583 /* HomeViewController.swift */ = {isa = PBXFileReference; lastKnownFileType = sourcecode.swift; path = HomeViewController.swift; sourceTree = "<group>"; };
		A5ADEA62293D46E50026E583 /* TransactionTableViewCell.swift */ = {isa = PBXFileReference; lastKnownFileType = sourcecode.swift; path = TransactionTableViewCell.swift; sourceTree = "<group>"; };
/* End PBXFileReference section */

/* Begin PBXFrameworksBuildPhase section */
		021BA9BA292F987F00EF9FA3 /* Frameworks */ = {
			isa = PBXFrameworksBuildPhase;
			buildActionMask = 2147483647;
			files = (
			);
			runOnlyForDeploymentPostprocessing = 0;
		};
/* End PBXFrameworksBuildPhase section */

/* Begin PBXGroup section */
		02123BF92947D3EC00B093AD /* Home */ = {
			isa = PBXGroup;
			children = (
				A5ADEA5E293D00110026E583 /* HomeViewController.swift */,
				A5ADEA62293D46E50026E583 /* TransactionTableViewCell.swift */,
				A5A82F48293E7C6E0015B460 /* TransactionDetailsViewController.swift */,
				A5A82F4A293E90820015B460 /* AddTransactionViewController.swift */,
			);
			path = Home;
			sourceTree = "<group>";
		};
		02123BFA2947D3F800B093AD /* Categorias */ = {
			isa = PBXGroup;
			children = (
				02123B9D2943DB0900B093AD /* CategoriasViewController.swift */,
				02123BA32943E40200B093AD /* CategoriaTableViewCell.swift */,
				02123BF72947D35900B093AD /* DetalleCategoriaViewController.swift */,
				025AFBBB2948AC240065304E /* AgregarCategoriaViewController.swift */,
			);
			path = Categorias;
			sourceTree = "<group>";
		};
		02123BFB2947D40A00B093AD /* Presupuestos */ = {
			isa = PBXGroup;
			children = (
				023AA06C294A2FC500FF03E3 /* ListaPresupuestosViewController.swift */,
			);
			path = Presupuestos;
			sourceTree = "<group>";
		};
		021BA9B4292F987F00EF9FA3 = {
			isa = PBXGroup;
			children = (
				021BA9BF292F987F00EF9FA3 /* my-expenses */,
				021BA9BE292F987F00EF9FA3 /* Products */,
			);
			sourceTree = "<group>";
		};
		021BA9BE292F987F00EF9FA3 /* Products */ = {
			isa = PBXGroup;
			children = (
				021BA9BD292F987F00EF9FA3 /* my-expenses.app */,
			);
			name = Products;
			sourceTree = "<group>";
		};
		021BA9BF292F987F00EF9FA3 /* my-expenses */ = {
			isa = PBXGroup;
			children = (
				02123BFB2947D40A00B093AD /* Presupuestos */,
				02123BFA2947D3F800B093AD /* Categorias */,
				02123BF92947D3EC00B093AD /* Home */,
				A5A82F4C293E9F840015B460 /* models */,
				021BA9C0292F987F00EF9FA3 /* AppDelegate.swift */,
				021BA9C2292F987F00EF9FA3 /* SceneDelegate.swift */,
				021BA9C6292F987F00EF9FA3 /* Main.storyboard */,
				021BA9C9292F988300EF9FA3 /* Assets.xcassets */,
				021BA9CB292F988300EF9FA3 /* LaunchScreen.storyboard */,
				021BA9CE292F988300EF9FA3 /* Info.plist */,
			);
			path = "my-expenses";
			sourceTree = "<group>";
		};
		A5A82F4C293E9F840015B460 /* models */ = {
			isa = PBXGroup;
			children = (
				A5ADEA5C293CFCB40026E583 /* Transaction.swift */,
				02123B9F2943DC9300B093AD /* Categoria.swift */,
				02123BA12943DCA400B093AD /* Tipo.swift */,
			);
			path = models;
			sourceTree = "<group>";
		};
/* End PBXGroup section */

/* Begin PBXNativeTarget section */
		021BA9BC292F987F00EF9FA3 /* my-expenses */ = {
			isa = PBXNativeTarget;
			buildConfigurationList = 021BA9D1292F988300EF9FA3 /* Build configuration list for PBXNativeTarget "my-expenses" */;
			buildPhases = (
				021BA9B9292F987F00EF9FA3 /* Sources */,
				021BA9BA292F987F00EF9FA3 /* Frameworks */,
				021BA9BB292F987F00EF9FA3 /* Resources */,
			);
			buildRules = (
			);
			dependencies = (
			);
			name = "my-expenses";
			productName = "my-expenses";
			productReference = 021BA9BD292F987F00EF9FA3 /* my-expenses.app */;
			productType = "com.apple.product-type.application";
		};
/* End PBXNativeTarget section */

/* Begin PBXProject section */
		021BA9B5292F987F00EF9FA3 /* Project object */ = {
			isa = PBXProject;
			attributes = {
				BuildIndependentTargetsInParallel = 1;
				LastSwiftUpdateCheck = 1410;
				LastUpgradeCheck = 1410;
				TargetAttributes = {
					021BA9BC292F987F00EF9FA3 = {
						CreatedOnToolsVersion = 14.1;
					};
				};
			};
			buildConfigurationList = 021BA9B8292F987F00EF9FA3 /* Build configuration list for PBXProject "my-expenses" */;
			compatibilityVersion = "Xcode 14.0";
			developmentRegion = en;
			hasScannedForEncodings = 0;
			knownRegions = (
				en,
				Base,
			);
			mainGroup = 021BA9B4292F987F00EF9FA3;
			productRefGroup = 021BA9BE292F987F00EF9FA3 /* Products */;
			projectDirPath = "";
			projectRoot = "";
			targets = (
				021BA9BC292F987F00EF9FA3 /* my-expenses */,
			);
		};
/* End PBXProject section */

/* Begin PBXResourcesBuildPhase section */
		021BA9BB292F987F00EF9FA3 /* Resources */ = {
			isa = PBXResourcesBuildPhase;
			buildActionMask = 2147483647;
			files = (
				021BA9CD292F988300EF9FA3 /* LaunchScreen.storyboard in Resources */,
				021BA9CA292F988300EF9FA3 /* Assets.xcassets in Resources */,
				021BA9C8292F987F00EF9FA3 /* Main.storyboard in Resources */,
			);
			runOnlyForDeploymentPostprocessing = 0;
		};
/* End PBXResourcesBuildPhase section */

/* Begin PBXSourcesBuildPhase section */
		021BA9B9292F987F00EF9FA3 /* Sources */ = {
			isa = PBXSourcesBuildPhase;
			buildActionMask = 2147483647;
			files = (
				021BA9C1292F987F00EF9FA3 /* AppDelegate.swift in Sources */,
				025AFBBC2948AC250065304E /* AgregarCategoriaViewController.swift in Sources */,
				02123BA22943DCA400B093AD /* Tipo.swift in Sources */,
				021BA9C3292F987F00EF9FA3 /* SceneDelegate.swift in Sources */,
				02123B9E2943DB0900B093AD /* CategoriasViewController.swift in Sources */,
				02123BF82947D35900B093AD /* DetalleCategoriaViewController.swift in Sources */,
				A5ADEA5D293CFCB40026E583 /* Transaction.swift in Sources */,
				02123BA42943E40200B093AD /* CategoriaTableViewCell.swift in Sources */,
				A5ADEA63293D46E50026E583 /* TransactionTableViewCell.swift in Sources */,
				02123BA02943DC9300B093AD /* Categoria.swift in Sources */,
				A5A82F49293E7C6E0015B460 /* TransactionDetailsViewController.swift in Sources */,
				A5A82F4B293E90820015B460 /* AddTransactionViewController.swift in Sources */,
				023AA06D294A2FC500FF03E3 /* ListaPresupuestosViewController.swift in Sources */,
				A5ADEA5F293D00110026E583 /* HomeViewController.swift in Sources */,
			);
			runOnlyForDeploymentPostprocessing = 0;
		};
/* End PBXSourcesBuildPhase section */

/* Begin PBXVariantGroup section */
		021BA9C6292F987F00EF9FA3 /* Main.storyboard */ = {
			isa = PBXVariantGroup;
			children = (
				021BA9C7292F987F00EF9FA3 /* Base */,
			);
			name = Main.storyboard;
			sourceTree = "<group>";
		};
		021BA9CB292F988300EF9FA3 /* LaunchScreen.storyboard */ = {
			isa = PBXVariantGroup;
			children = (
				021BA9CC292F988300EF9FA3 /* Base */,
			);
			name = LaunchScreen.storyboard;
			sourceTree = "<group>";
		};
/* End PBXVariantGroup section */

/* Begin XCBuildConfiguration section */
		021BA9CF292F988300EF9FA3 /* Debug */ = {
			isa = XCBuildConfiguration;
			buildSettings = {
				ALWAYS_SEARCH_USER_PATHS = NO;
				CLANG_ANALYZER_NONNULL = YES;
				CLANG_ANALYZER_NUMBER_OBJECT_CONVERSION = YES_AGGRESSIVE;
				CLANG_CXX_LANGUAGE_STANDARD = "gnu++20";
				CLANG_ENABLE_MODULES = YES;
				CLANG_ENABLE_OBJC_ARC = YES;
				CLANG_ENABLE_OBJC_WEAK = YES;
				CLANG_WARN_BLOCK_CAPTURE_AUTORELEASING = YES;
				CLANG_WARN_BOOL_CONVERSION = YES;
				CLANG_WARN_COMMA = YES;
				CLANG_WARN_CONSTANT_CONVERSION = YES;
				CLANG_WARN_DEPRECATED_OBJC_IMPLEMENTATIONS = YES;
				CLANG_WARN_DIRECT_OBJC_ISA_USAGE = YES_ERROR;
				CLANG_WARN_DOCUMENTATION_COMMENTS = YES;
				CLANG_WARN_EMPTY_BODY = YES;
				CLANG_WARN_ENUM_CONVERSION = YES;
				CLANG_WARN_INFINITE_RECURSION = YES;
				CLANG_WARN_INT_CONVERSION = YES;
				CLANG_WARN_NON_LITERAL_NULL_CONVERSION = YES;
				CLANG_WARN_OBJC_IMPLICIT_RETAIN_SELF = YES;
				CLANG_WARN_OBJC_LITERAL_CONVERSION = YES;
				CLANG_WARN_OBJC_ROOT_CLASS = YES_ERROR;
				CLANG_WARN_QUOTED_INCLUDE_IN_FRAMEWORK_HEADER = YES;
				CLANG_WARN_RANGE_LOOP_ANALYSIS = YES;
				CLANG_WARN_STRICT_PROTOTYPES = YES;
				CLANG_WARN_SUSPICIOUS_MOVE = YES;
				CLANG_WARN_UNGUARDED_AVAILABILITY = YES_AGGRESSIVE;
				CLANG_WARN_UNREACHABLE_CODE = YES;
				CLANG_WARN__DUPLICATE_METHOD_MATCH = YES;
				COPY_PHASE_STRIP = NO;
				DEBUG_INFORMATION_FORMAT = dwarf;
				ENABLE_STRICT_OBJC_MSGSEND = YES;
				ENABLE_TESTABILITY = YES;
				GCC_C_LANGUAGE_STANDARD = gnu11;
				GCC_DYNAMIC_NO_PIC = NO;
				GCC_NO_COMMON_BLOCKS = YES;
				GCC_OPTIMIZATION_LEVEL = 0;
				GCC_PREPROCESSOR_DEFINITIONS = (
					"DEBUG=1",
					"$(inherited)",
				);
				GCC_WARN_64_TO_32_BIT_CONVERSION = YES;
				GCC_WARN_ABOUT_RETURN_TYPE = YES_ERROR;
				GCC_WARN_UNDECLARED_SELECTOR = YES;
				GCC_WARN_UNINITIALIZED_AUTOS = YES_AGGRESSIVE;
				GCC_WARN_UNUSED_FUNCTION = YES;
				GCC_WARN_UNUSED_VARIABLE = YES;
				IPHONEOS_DEPLOYMENT_TARGET = 16.1;
				MTL_ENABLE_DEBUG_INFO = INCLUDE_SOURCE;
				MTL_FAST_MATH = YES;
				ONLY_ACTIVE_ARCH = YES;
				SDKROOT = iphoneos;
				SWIFT_ACTIVE_COMPILATION_CONDITIONS = DEBUG;
				SWIFT_OPTIMIZATION_LEVEL = "-Onone";
			};
			name = Debug;
		};
		021BA9D0292F988300EF9FA3 /* Release */ = {
			isa = XCBuildConfiguration;
			buildSettings = {
				ALWAYS_SEARCH_USER_PATHS = NO;
				CLANG_ANALYZER_NONNULL = YES;
				CLANG_ANALYZER_NUMBER_OBJECT_CONVERSION = YES_AGGRESSIVE;
				CLANG_CXX_LANGUAGE_STANDARD = "gnu++20";
				CLANG_ENABLE_MODULES = YES;
				CLANG_ENABLE_OBJC_ARC = YES;
				CLANG_ENABLE_OBJC_WEAK = YES;
				CLANG_WARN_BLOCK_CAPTURE_AUTORELEASING = YES;
				CLANG_WARN_BOOL_CONVERSION = YES;
				CLANG_WARN_COMMA = YES;
				CLANG_WARN_CONSTANT_CONVERSION = YES;
				CLANG_WARN_DEPRECATED_OBJC_IMPLEMENTATIONS = YES;
				CLANG_WARN_DIRECT_OBJC_ISA_USAGE = YES_ERROR;
				CLANG_WARN_DOCUMENTATION_COMMENTS = YES;
				CLANG_WARN_EMPTY_BODY = YES;
				CLANG_WARN_ENUM_CONVERSION = YES;
				CLANG_WARN_INFINITE_RECURSION = YES;
				CLANG_WARN_INT_CONVERSION = YES;
				CLANG_WARN_NON_LITERAL_NULL_CONVERSION = YES;
				CLANG_WARN_OBJC_IMPLICIT_RETAIN_SELF = YES;
				CLANG_WARN_OBJC_LITERAL_CONVERSION = YES;
				CLANG_WARN_OBJC_ROOT_CLASS = YES_ERROR;
				CLANG_WARN_QUOTED_INCLUDE_IN_FRAMEWORK_HEADER = YES;
				CLANG_WARN_RANGE_LOOP_ANALYSIS = YES;
				CLANG_WARN_STRICT_PROTOTYPES = YES;
				CLANG_WARN_SUSPICIOUS_MOVE = YES;
				CLANG_WARN_UNGUARDED_AVAILABILITY = YES_AGGRESSIVE;
				CLANG_WARN_UNREACHABLE_CODE = YES;
				CLANG_WARN__DUPLICATE_METHOD_MATCH = YES;
				COPY_PHASE_STRIP = NO;
				DEBUG_INFORMATION_FORMAT = "dwarf-with-dsym";
				ENABLE_NS_ASSERTIONS = NO;
				ENABLE_STRICT_OBJC_MSGSEND = YES;
				GCC_C_LANGUAGE_STANDARD = gnu11;
				GCC_NO_COMMON_BLOCKS = YES;
				GCC_WARN_64_TO_32_BIT_CONVERSION = YES;
				GCC_WARN_ABOUT_RETURN_TYPE = YES_ERROR;
				GCC_WARN_UNDECLARED_SELECTOR = YES;
				GCC_WARN_UNINITIALIZED_AUTOS = YES_AGGRESSIVE;
				GCC_WARN_UNUSED_FUNCTION = YES;
				GCC_WARN_UNUSED_VARIABLE = YES;
				IPHONEOS_DEPLOYMENT_TARGET = 16.1;
				MTL_ENABLE_DEBUG_INFO = NO;
				MTL_FAST_MATH = YES;
				SDKROOT = iphoneos;
				SWIFT_COMPILATION_MODE = wholemodule;
				SWIFT_OPTIMIZATION_LEVEL = "-O";
				VALIDATE_PRODUCT = YES;
			};
			name = Release;
		};
		021BA9D2292F988300EF9FA3 /* Debug */ = {
			isa = XCBuildConfiguration;
			buildSettings = {
				ASSETCATALOG_COMPILER_APPICON_NAME = AppIcon;
				ASSETCATALOG_COMPILER_GLOBAL_ACCENT_COLOR_NAME = AccentColor;
				CODE_SIGN_STYLE = Automatic;
				CURRENT_PROJECT_VERSION = 1;
				GENERATE_INFOPLIST_FILE = YES;
				INFOPLIST_FILE = "my-expenses/Info.plist";
				INFOPLIST_KEY_UIApplicationSupportsIndirectInputEvents = YES;
				INFOPLIST_KEY_UILaunchStoryboardName = LaunchScreen;
				INFOPLIST_KEY_UIMainStoryboardFile = Main;
				INFOPLIST_KEY_UISupportedInterfaceOrientations_iPad = "UIInterfaceOrientationPortrait UIInterfaceOrientationPortraitUpsideDown UIInterfaceOrientationLandscapeLeft UIInterfaceOrientationLandscapeRight";
				INFOPLIST_KEY_UISupportedInterfaceOrientations_iPhone = "UIInterfaceOrientationPortrait UIInterfaceOrientationLandscapeLeft UIInterfaceOrientationLandscapeRight";
				LD_RUNPATH_SEARCH_PATHS = (
					"$(inherited)",
					"@executable_path/Frameworks",
				);
				MARKETING_VERSION = 1.0;
				PRODUCT_BUNDLE_IDENTIFIER = "pe.esthefanopastor.my-expenses";
				PRODUCT_NAME = "$(TARGET_NAME)";
				SWIFT_EMIT_LOC_STRINGS = YES;
				SWIFT_VERSION = 5.0;
				TARGETED_DEVICE_FAMILY = "1,2";
			};
			name = Debug;
		};
		021BA9D3292F988300EF9FA3 /* Release */ = {
			isa = XCBuildConfiguration;
			buildSettings = {
				ASSETCATALOG_COMPILER_APPICON_NAME = AppIcon;
				ASSETCATALOG_COMPILER_GLOBAL_ACCENT_COLOR_NAME = AccentColor;
				CODE_SIGN_STYLE = Automatic;
				CURRENT_PROJECT_VERSION = 1;
				GENERATE_INFOPLIST_FILE = YES;
				INFOPLIST_FILE = "my-expenses/Info.plist";
				INFOPLIST_KEY_UIApplicationSupportsIndirectInputEvents = YES;
				INFOPLIST_KEY_UILaunchStoryboardName = LaunchScreen;
				INFOPLIST_KEY_UIMainStoryboardFile = Main;
				INFOPLIST_KEY_UISupportedInterfaceOrientations_iPad = "UIInterfaceOrientationPortrait UIInterfaceOrientationPortraitUpsideDown UIInterfaceOrientationLandscapeLeft UIInterfaceOrientationLandscapeRight";
				INFOPLIST_KEY_UISupportedInterfaceOrientations_iPhone = "UIInterfaceOrientationPortrait UIInterfaceOrientationLandscapeLeft UIInterfaceOrientationLandscapeRight";
				LD_RUNPATH_SEARCH_PATHS = (
					"$(inherited)",
					"@executable_path/Frameworks",
				);
				MARKETING_VERSION = 1.0;
				PRODUCT_BUNDLE_IDENTIFIER = "pe.esthefanopastor.my-expenses";
				PRODUCT_NAME = "$(TARGET_NAME)";
				SWIFT_EMIT_LOC_STRINGS = YES;
				SWIFT_VERSION = 5.0;
				TARGETED_DEVICE_FAMILY = "1,2";
			};
			name = Release;
		};
/* End XCBuildConfiguration section */

/* Begin XCConfigurationList section */
		021BA9B8292F987F00EF9FA3 /* Build configuration list for PBXProject "my-expenses" */ = {
			isa = XCConfigurationList;
			buildConfigurations = (
				021BA9CF292F988300EF9FA3 /* Debug */,
				021BA9D0292F988300EF9FA3 /* Release */,
			);
			defaultConfigurationIsVisible = 0;
			defaultConfigurationName = Release;
		};
		021BA9D1292F988300EF9FA3 /* Build configuration list for PBXNativeTarget "my-expenses" */ = {
			isa = XCConfigurationList;
			buildConfigurations = (
				021BA9D2292F988300EF9FA3 /* Debug */,
				021BA9D3292F988300EF9FA3 /* Release */,
			);
			defaultConfigurationIsVisible = 0;
			defaultConfigurationName = Release;
		};
/* End XCConfigurationList section */
	};
	rootObject = 021BA9B5292F987F00EF9FA3 /* Project object */;
}
